
Microsoft Visual Studio Solution File, Format Version 12.00
# Visual Studio Version 16
VisualStudioVersion = 16.0.30523.141
MinimumVisualStudioVersion = 10.0.40219.1
Project("{FAE04EC0-301F-11D3-BF4B-00C04F79EFBC}") = "CA201109", "CA201109.csproj", "{F4B2EE59-D4A9-453A-95A3-935C20E9E62D}"
EndProject
Global
	GlobalSection(SolutionConfigurationPlatforms) = preSolution
		Debug|Any CPU = Debug|Any CPU
		Release|Any CPU = Release|Any CPU
	EndGlobalSection
	GlobalSection(ProjectConfigurationPlatforms) = postSolution
		{F4B2EE59-D4A9-453A-95A3-935C20E9E62D}.Debug|Any CPU.ActiveCfg = Debug|Any CPU
		{F4B2EE59-D4A9-453A-95A3-935C20E9E62D}.Debug|Any CPU.Build.0 = Debug|Any CPU
		{F4B2EE59-D4A9-453A-95A3-935C20E9E62D}.Release|Any CPU.ActiveCfg = Release|Any CPU
		{F4B2EE59-D4A9-453A-95A3-935C20E9E62D}.Release|Any CPU.Build.0 = Release|Any CPU
	EndGlobalSection
	GlobalSection(SolutionProperties) = preSolution
		HideSolutionNode = FALSE
	EndGlobalSection
	GlobalSection(ExtensibilityGlobals) = postSolution
		SolutionGuid = {A5CCE615-9FDE-464A-8A9A-FDE0EA777154}
	EndGlobalSection
EndGlobal
